// !$*UTF8*$!
{
	archiveVersion = 1;
	classes = {
	};
	objectVersion = 56;
	objects = {

/* Begin PBXBuildFile section */
		2C3A3CD02A44D38200F33CDE /* ContactsApp.swift in Sources */ = {isa = PBXBuildFile; fileRef = 2C3A3CCF2A44D38200F33CDE /* ContactsApp.swift */; };
		2C3A3CD22A44D38200F33CDE /* ContentView.swift in Sources */ = {isa = PBXBuildFile; fileRef = 2C3A3CD12A44D38200F33CDE /* ContentView.swift */; };
		2C3A3CD42A44D38300F33CDE /* Assets.xcassets in Resources */ = {isa = PBXBuildFile; fileRef = 2C3A3CD32A44D38300F33CDE /* Assets.xcassets */; };
		2C3A3CD72A44D38300F33CDE /* Preview Assets.xcassets in Resources */ = {isa = PBXBuildFile; fileRef = 2C3A3CD62A44D38300F33CDE /* Preview Assets.xcassets */; };
		2C3A3CE42A44D89300F33CDE /* ContactListView.swift in Sources */ = {isa = PBXBuildFile; fileRef = 2C3A3CE32A44D89300F33CDE /* ContactListView.swift */; };
		2CED3CC72A46178C00B51698 /* Person.swift in Sources */ = {isa = PBXBuildFile; fileRef = 2CED3CC62A46178C00B51698 /* Person.swift */; };
		2CED3CCA2A4617BD00B51698 /* DataStore.swift in Sources */ = {isa = PBXBuildFile; fileRef = 2CED3CC92A4617BD00B51698 /* DataStore.swift */; };
		2CED3CCC2A4620E000B51698 /* ContactDetailView.swift in Sources */ = {isa = PBXBuildFile; fileRef = 2CED3CCB2A4620E000B51698 /* ContactDetailView.swift */; };
		2CED3CCE2A46261900B51698 /* PersonDetailView.swift in Sources */ = {isa = PBXBuildFile; fileRef = 2CED3CCD2A46261900B51698 /* PersonDetailView.swift */; };
		2CED3CD02A46281D00B51698 /* ContactInfo.swift in Sources */ = {isa = PBXBuildFile; fileRef = 2CED3CCF2A46281D00B51698 /* ContactInfo.swift */; };
/* End PBXBuildFile section */

/* Begin PBXFileReference section */
		2C3A3CCC2A44D38200F33CDE /* Contacts.app */ = {isa = PBXFileReference; explicitFileType = wrapper.application; includeInIndex = 0; path = Contacts.app; sourceTree = BUILT_PRODUCTS_DIR; };
		2C3A3CCF2A44D38200F33CDE /* ContactsApp.swift */ = {isa = PBXFileReference; lastKnownFileType = sourcecode.swift; path = ContactsApp.swift; sourceTree = "<group>"; };
		2C3A3CD12A44D38200F33CDE /* ContentView.swift */ = {isa = PBXFileReference; lastKnownFileType = sourcecode.swift; path = ContentView.swift; sourceTree = "<group>"; };
		2C3A3CD32A44D38300F33CDE /* Assets.xcassets */ = {isa = PBXFileReference; lastKnownFileType = folder.assetcatalog; path = Assets.xcassets; sourceTree = "<group>"; };
		2C3A3CD62A44D38300F33CDE /* Preview Assets.xcassets */ = {isa = PBXFileReference; lastKnownFileType = folder.assetcatalog; path = "Preview Assets.xcassets"; sourceTree = "<group>"; };
		2C3A3CE32A44D89300F33CDE /* ContactListView.swift */ = {isa = PBXFileReference; lastKnownFileType = sourcecode.swift; path = ContactListView.swift; sourceTree = "<group>"; };
		2CED3CC62A46178C00B51698 /* Person.swift */ = {isa = PBXFileReference; lastKnownFileType = sourcecode.swift; path = Person.swift; sourceTree = "<group>"; };
		2CED3CC92A4617BD00B51698 /* DataStore.swift */ = {isa = PBXFileReference; lastKnownFileType = sourcecode.swift; path = DataStore.swift; sourceTree = "<group>"; };
		2CED3CCB2A4620E000B51698 /* ContactDetailView.swift */ = {isa = PBXFileReference; lastKnownFileType = sourcecode.swift; path = ContactDetailView.swift; sourceTree = "<group>"; };
		2CED3CCD2A46261900B51698 /* PersonDetailView.swift */ = {isa = PBXFileReference; lastKnownFileType = sourcecode.swift; path = PersonDetailView.swift; sourceTree = "<group>"; };
		2CED3CCF2A46281D00B51698 /* ContactInfo.swift */ = {isa = PBXFileReference; lastKnownFileType = sourcecode.swift; path = ContactInfo.swift; sourceTree = "<group>"; };
/* End PBXFileReference section */

/* Begin PBXFrameworksBuildPhase section */
		2C3A3CC92A44D38200F33CDE /* Frameworks */ = {
			isa = PBXFrameworksBuildPhase;
			buildActionMask = 2147483647;
			files = (
			);
			runOnlyForDeploymentPostprocessing = 0;
		};
/* End PBXFrameworksBuildPhase section */

/* Begin PBXGroup section */
		2C3A3CC32A44D38200F33CDE = {
			isa = PBXGroup;
			children = (
				2C3A3CCE2A44D38200F33CDE /* Contacts */,
				2C3A3CCD2A44D38200F33CDE /* Products */,
			);
			sourceTree = "<group>";
		};
		2C3A3CCD2A44D38200F33CDE /* Products */ = {
			isa = PBXGroup;
			children = (
				2C3A3CCC2A44D38200F33CDE /* Contacts.app */,
			);
			name = Products;
			sourceTree = "<group>";
		};
		2C3A3CCE2A44D38200F33CDE /* Contacts */ = {
			isa = PBXGroup;
			children = (
				2C3A3CE12A44D86400F33CDE /* ViewControllers */,
				2C3A3CE52A44D8BC00F33CDE /* Views */,
				2CED3CC42A46176500B51698 /* Services */,
				2CED3CC52A46177600B51698 /* Models */,
				2C3A3CE22A44D86B00F33CDE /* App */,
				2C3A3CD32A44D38300F33CDE /* Assets.xcassets */,
				2C3A3CD52A44D38300F33CDE /* Preview Content */,
			);
			path = Contacts;
			sourceTree = "<group>";
		};
		2C3A3CD52A44D38300F33CDE /* Preview Content */ = {
			isa = PBXGroup;
			children = (
				2C3A3CD62A44D38300F33CDE /* Preview Assets.xcassets */,
			);
			path = "Preview Content";
			sourceTree = "<group>";
		};
		2C3A3CE12A44D86400F33CDE /* ViewControllers */ = {
			isa = PBXGroup;
			children = (
				2C3A3CD12A44D38200F33CDE /* ContentView.swift */,
			);
			path = ViewControllers;
			sourceTree = "<group>";
		};
		2C3A3CE22A44D86B00F33CDE /* App */ = {
			isa = PBXGroup;
			children = (
				2C3A3CCF2A44D38200F33CDE /* ContactsApp.swift */,
			);
			path = App;
			sourceTree = "<group>";
		};
		2C3A3CE52A44D8BC00F33CDE /* Views */ = {
			isa = PBXGroup;
			children = (
				2C3A3CE32A44D89300F33CDE /* ContactListView.swift */,
				2CED3CCB2A4620E000B51698 /* ContactDetailView.swift */,
				2CED3CCD2A46261900B51698 /* PersonDetailView.swift */,
				2CED3CCF2A46281D00B51698 /* ContactInfo.swift */,
			);
			path = Views;
			sourceTree = "<group>";
		};
		2CED3CC42A46176500B51698 /* Services */ = {
			isa = PBXGroup;
			children = (
				2CED3CC92A4617BD00B51698 /* DataStore.swift */,
			);
			path = Services;
			sourceTree = "<group>";
		};
		2CED3CC52A46177600B51698 /* Models */ = {
			isa = PBXGroup;
			children = (
				2CED3CC62A46178C00B51698 /* Person.swift */,
			);
			path = Models;
			sourceTree = "<group>";
		};
/* End PBXGroup section */

/* Begin PBXNativeTarget section */
		2C3A3CCB2A44D38200F33CDE /* Contacts */ = {
			isa = PBXNativeTarget;
			buildConfigurationList = 2C3A3CDA2A44D38300F33CDE /* Build configuration list for PBXNativeTarget "Contacts" */;
			buildPhases = (
				2C3A3CC82A44D38200F33CDE /* Sources */,
				2C3A3CC92A44D38200F33CDE /* Frameworks */,
				2C3A3CCA2A44D38200F33CDE /* Resources */,
			);
			buildRules = (
			);
			dependencies = (
			);
			name = Contacts;
			productName = Contacts;
			productReference = 2C3A3CCC2A44D38200F33CDE /* Contacts.app */;
			productType = "com.apple.product-type.application";
		};
/* End PBXNativeTarget section */

/* Begin PBXProject section */
		2C3A3CC42A44D38200F33CDE /* Project object */ = {
			isa = PBXProject;
			attributes = {
				BuildIndependentTargetsInParallel = 1;
				LastSwiftUpdateCheck = 1430;
				LastUpgradeCheck = 1430;
				TargetAttributes = {
					2C3A3CCB2A44D38200F33CDE = {
						CreatedOnToolsVersion = 14.3;
					};
				};
			};
			buildConfigurationList = 2C3A3CC72A44D38200F33CDE /* Build configuration list for PBXProject "Contacts" */;
			compatibilityVersion = "Xcode 14.0";
			developmentRegion = en;
			hasScannedForEncodings = 0;
			knownRegions = (
				en,
				Base,
			);
			mainGroup = 2C3A3CC32A44D38200F33CDE;
			productRefGroup = 2C3A3CCD2A44D38200F33CDE /* Products */;
			projectDirPath = "";
			projectRoot = "";
			targets = (
				2C3A3CCB2A44D38200F33CDE /* Contacts */,
			);
		};
/* End PBXProject section */

/* Begin PBXResourcesBuildPhase section */
		2C3A3CCA2A44D38200F33CDE /* Resources */ = {
			isa = PBXResourcesBuildPhase;
			buildActionMask = 2147483647;
			files = (
				2C3A3CD72A44D38300F33CDE /* Preview Assets.xcassets in Resources */,
				2C3A3CD42A44D38300F33CDE /* Assets.xcassets in Resources */,
			);
			runOnlyForDeploymentPostprocessing = 0;
		};
/* End PBXResourcesBuildPhase section */

/* Begin PBXSourcesBuildPhase section */
		2C3A3CC82A44D38200F33CDE /* Sources */ = {
			isa = PBXSourcesBuildPhase;
			buildActionMask = 2147483647;
			files = (
				2CED3CCC2A4620E000B51698 /* ContactDetailView.swift in Sources */,
				2C3A3CD22A44D38200F33CDE /* ContentView.swift in Sources */,
				2C3A3CE42A44D89300F33CDE /* ContactListView.swift in Sources */,
				2CED3CC72A46178C00B51698 /* Person.swift in Sources */,
				2CED3CD02A46281D00B51698 /* ContactInfo.swift in Sources */,
				2CED3CCA2A4617BD00B51698 /* DataStore.swift in Sources */,
				2CED3CCE2A46261900B51698 /* PersonDetailView.swift in Sources */,
				2C3A3CD02A44D38200F33CDE /* ContactsApp.swift in Sources */,
			);
			runOnlyForDeploymentPostprocessing = 0;
		};
/* End PBXSourcesBuildPhase section */

/* Begin XCBuildConfiguration section */
		2C3A3CD82A44D38300F33CDE /* Debug */ = {
			isa = XCBuildConfiguration;
			buildSettings = {
				ALWAYS_SEARCH_USER_PATHS = NO;
				CLANG_ANALYZER_NONNULL = YES;
				CLANG_ANALYZER_NUMBER_OBJECT_CONVERSION = YES_AGGRESSIVE;
				CLANG_CXX_LANGUAGE_STANDARD = "gnu++20";
				CLANG_ENABLE_MODULES = YES;
				CLANG_ENABLE_OBJC_ARC = YES;
				CLANG_ENABLE_OBJC_WEAK = YES;
				CLANG_WARN_BLOCK_CAPTURE_AUTORELEASING = YES;
				CLANG_WARN_BOOL_CONVERSION = YES;
				CLANG_WARN_COMMA = YES;
				CLANG_WARN_CONSTANT_CONVERSION = YES;
				CLANG_WARN_DEPRECATED_OBJC_IMPLEMENTATIONS = YES;
				CLANG_WARN_DIRECT_OBJC_ISA_USAGE = YES_ERROR;
				CLANG_WARN_DOCUMENTATION_COMMENTS = YES;
				CLANG_WARN_EMPTY_BODY = YES;
				CLANG_WARN_ENUM_CONVERSION = YES;
				CLANG_WARN_INFINITE_RECURSION = YES;
				CLANG_WARN_INT_CONVERSION = YES;
				CLANG_WARN_NON_LITERAL_NULL_CONVERSION = YES;
				CLANG_WARN_OBJC_IMPLICIT_RETAIN_SELF = YES;
				CLANG_WARN_OBJC_LITERAL_CONVERSION = YES;
				CLANG_WARN_OBJC_ROOT_CLASS = YES_ERROR;
				CLANG_WARN_QUOTED_INCLUDE_IN_FRAMEWORK_HEADER = YES;
				CLANG_WARN_RANGE_LOOP_ANALYSIS = YES;
				CLANG_WARN_STRICT_PROTOTYPES = YES;
				CLANG_WARN_SUSPICIOUS_MOVE = YES;
				CLANG_WARN_UNGUARDED_AVAILABILITY = YES_AGGRESSIVE;
				CLANG_WARN_UNREACHABLE_CODE = YES;
				CLANG_WARN__DUPLICATE_METHOD_MATCH = YES;
				COPY_PHASE_STRIP = NO;
				DEBUG_INFORMATION_FORMAT = dwarf;
				ENABLE_STRICT_OBJC_MSGSEND = YES;
				ENABLE_TESTABILITY = YES;
				GCC_C_LANGUAGE_STANDARD = gnu11;
				GCC_DYNAMIC_NO_PIC = NO;
				GCC_NO_COMMON_BLOCKS = YES;
				GCC_OPTIMIZATION_LEVEL = 0;
				GCC_PREPROCESSOR_DEFINITIONS = (
					"DEBUG=1",
					"$(inherited)",
				);
				GCC_WARN_64_TO_32_BIT_CONVERSION = YES;
				GCC_WARN_ABOUT_RETURN_TYPE = YES_ERROR;
				GCC_WARN_UNDECLARED_SELECTOR = YES;
				GCC_WARN_UNINITIALIZED_AUTOS = YES_AGGRESSIVE;
				GCC_WARN_UNUSED_FUNCTION = YES;
				GCC_WARN_UNUSED_VARIABLE = YES;
				IPHONEOS_DEPLOYMENT_TARGET = 16.4;
				MTL_ENABLE_DEBUG_INFO = INCLUDE_SOURCE;
				MTL_FAST_MATH = YES;
				ONLY_ACTIVE_ARCH = YES;
				SDKROOT = iphoneos;
				SWIFT_ACTIVE_COMPILATION_CONDITIONS = DEBUG;
				SWIFT_OPTIMIZATION_LEVEL = "-Onone";
			};
			name = Debug;
		};
		2C3A3CD92A44D38300F33CDE /* Release */ = {
			isa = XCBuildConfiguration;
			buildSettings = {
				ALWAYS_SEARCH_USER_PATHS = NO;
				CLANG_ANALYZER_NONNULL = YES;
				CLANG_ANALYZER_NUMBER_OBJECT_CONVERSION = YES_AGGRESSIVE;
				CLANG_CXX_LANGUAGE_STANDARD = "gnu++20";
				CLANG_ENABLE_MODULES = YES;
				CLANG_ENABLE_OBJC_ARC = YES;
				CLANG_ENABLE_OBJC_WEAK = YES;
				CLANG_WARN_BLOCK_CAPTURE_AUTORELEASING = YES;
				CLANG_WARN_BOOL_CONVERSION = YES;
				CLANG_WARN_COMMA = YES;
				CLANG_WARN_CONSTANT_CONVERSION = YES;
				CLANG_WARN_DEPRECATED_OBJC_IMPLEMENTATIONS = YES;
				CLANG_WARN_DIRECT_OBJC_ISA_USAGE = YES_ERROR;
				CLANG_WARN_DOCUMENTATION_COMMENTS = YES;
				CLANG_WARN_EMPTY_BODY = YES;
				CLANG_WARN_ENUM_CONVERSION = YES;
				CLANG_WARN_INFINITE_RECURSION = YES;
				CLANG_WARN_INT_CONVERSION = YES;
				CLANG_WARN_NON_LITERAL_NULL_CONVERSION = YES;
				CLANG_WARN_OBJC_IMPLICIT_RETAIN_SELF = YES;
				CLANG_WARN_OBJC_LITERAL_CONVERSION = YES;
				CLANG_WARN_OBJC_ROOT_CLASS = YES_ERROR;
				CLANG_WARN_QUOTED_INCLUDE_IN_FRAMEWORK_HEADER = YES;
				CLANG_WARN_RANGE_LOOP_ANALYSIS = YES;
				CLANG_WARN_STRICT_PROTOTYPES = YES;
				CLANG_WARN_SUSPICIOUS_MOVE = YES;
				CLANG_WARN_UNGUARDED_AVAILABILITY = YES_AGGRESSIVE;
				CLANG_WARN_UNREACHABLE_CODE = YES;
				CLANG_WARN__DUPLICATE_METHOD_MATCH = YES;
				COPY_PHASE_STRIP = NO;
				DEBUG_INFORMATION_FORMAT = "dwarf-with-dsym";
				ENABLE_NS_ASSERTIONS = NO;
				ENABLE_STRICT_OBJC_MSGSEND = YES;
				GCC_C_LANGUAGE_STANDARD = gnu11;
				GCC_NO_COMMON_BLOCKS = YES;
				GCC_WARN_64_TO_32_BIT_CONVERSION = YES;
				GCC_WARN_ABOUT_RETURN_TYPE = YES_ERROR;
				GCC_WARN_UNDECLARED_SELECTOR = YES;
				GCC_WARN_UNINITIALIZED_AUTOS = YES_AGGRESSIVE;
				GCC_WARN_UNUSED_FUNCTION = YES;
				GCC_WARN_UNUSED_VARIABLE = YES;
				IPHONEOS_DEPLOYMENT_TARGET = 16.4;
				MTL_ENABLE_DEBUG_INFO = NO;
				MTL_FAST_MATH = YES;
				SDKROOT = iphoneos;
				SWIFT_COMPILATION_MODE = wholemodule;
				SWIFT_OPTIMIZATION_LEVEL = "-O";
				VALIDATE_PRODUCT = YES;
			};
			name = Release;
		};
		2C3A3CDB2A44D38300F33CDE /* Debug */ = {
			isa = XCBuildConfiguration;
			buildSettings = {
				ASSETCATALOG_COMPILER_APPICON_NAME = AppIcon;
				ASSETCATALOG_COMPILER_GLOBAL_ACCENT_COLOR_NAME = AccentColor;
				CODE_SIGN_STYLE = Automatic;
				CURRENT_PROJECT_VERSION = 1;
				DEVELOPMENT_ASSET_PATHS = "\"Contacts/Preview Content\"";
				DEVELOPMENT_TEAM = 668CVSWCB8;
				ENABLE_PREVIEWS = YES;
				GENERATE_INFOPLIST_FILE = YES;
				INFOPLIST_KEY_UIApplicationSceneManifest_Generation = YES;
				INFOPLIST_KEY_UIApplicationSupportsIndirectInputEvents = YES;
				INFOPLIST_KEY_UILaunchScreen_Generation = YES;
				INFOPLIST_KEY_UISupportedInterfaceOrientations_iPad = "UIInterfaceOrientationPortrait UIInterfaceOrientationPortraitUpsideDown UIInterfaceOrientationLandscapeLeft UIInterfaceOrientationLandscapeRight";
				INFOPLIST_KEY_UISupportedInterfaceOrientations_iPhone = "UIInterfaceOrientationPortrait UIInterfaceOrientationLandscapeLeft UIInterfaceOrientationLandscapeRight";
				LD_RUNPATH_SEARCH_PATHS = (
					"$(inherited)",
					"@executable_path/Frameworks",
				);
				MARKETING_VERSION = 1.0;
				PRODUCT_BUNDLE_IDENTIFIER = Contacts.ndlap.Contacts;
				PRODUCT_NAME = "$(TARGET_NAME)";
				SWIFT_EMIT_LOC_STRINGS = YES;
				SWIFT_VERSION = 5.0;
				TARGETED_DEVICE_FAMILY = "1,2";
			};
			name = Debug;
		};
		2C3A3CDC2A44D38300F33CDE /* Release */ = {
			isa = XCBuildConfiguration;
			buildSettings = {
				ASSETCATALOG_COMPILER_APPICON_NAME = AppIcon;
				ASSETCATALOG_COMPILER_GLOBAL_ACCENT_COLOR_NAME = AccentColor;
				CODE_SIGN_STYLE = Automatic;
				CURRENT_PROJECT_VERSION = 1;
				DEVELOPMENT_ASSET_PATHS = "\"Contacts/Preview Content\"";
				DEVELOPMENT_TEAM = 668CVSWCB8;
				ENABLE_PREVIEWS = YES;
				GENERATE_INFOPLIST_FILE = YES;
				INFOPLIST_KEY_UIApplicationSceneManifest_Generation = YES;
				INFOPLIST_KEY_UIApplicationSupportsIndirectInputEvents = YES;
				INFOPLIST_KEY_UILaunchScreen_Generation = YES;
				INFOPLIST_KEY_UISupportedInterfaceOrientations_iPad = "UIInterfaceOrientationPortrait UIInterfaceOrientationPortraitUpsideDown UIInterfaceOrientationLandscapeLeft UIInterfaceOrientationLandscapeRight";
				INFOPLIST_KEY_UISupportedInterfaceOrientations_iPhone = "UIInterfaceOrientationPortrait UIInterfaceOrientationLandscapeLeft UIInterfaceOrientationLandscapeRight";
				LD_RUNPATH_SEARCH_PATHS = (
					"$(inherited)",
					"@executable_path/Frameworks",
				);
				MARKETING_VERSION = 1.0;
				PRODUCT_BUNDLE_IDENTIFIER = Contacts.ndlap.Contacts;
				PRODUCT_NAME = "$(TARGET_NAME)";
				SWIFT_EMIT_LOC_STRINGS = YES;
				SWIFT_VERSION = 5.0;
				TARGETED_DEVICE_FAMILY = "1,2";
			};
			name = Release;
		};
/* End XCBuildConfiguration section */

/* Begin XCConfigurationList section */
		2C3A3CC72A44D38200F33CDE /* Build configuration list for PBXProject "Contacts" */ = {
			isa = XCConfigurationList;
			buildConfigurations = (
				2C3A3CD82A44D38300F33CDE /* Debug */,
				2C3A3CD92A44D38300F33CDE /* Release */,
			);
			defaultConfigurationIsVisible = 0;
			defaultConfigurationName = Release;
		};
		2C3A3CDA2A44D38300F33CDE /* Build configuration list for PBXNativeTarget "Contacts" */ = {
			isa = XCConfigurationList;
			buildConfigurations = (
				2C3A3CDB2A44D38300F33CDE /* Debug */,
				2C3A3CDC2A44D38300F33CDE /* Release */,
			);
			defaultConfigurationIsVisible = 0;
			defaultConfigurationName = Release;
		};
/* End XCConfigurationList section */
	};
	rootObject = 2C3A3CC42A44D38200F33CDE /* Project object */;
}
